
Microsoft Visual Studio Solution File, Format Version 12.00
# Visual Studio Version 17
VisualStudioVersion = 17.4.33122.133
MinimumVisualStudioVersion = 10.0.40219.1
Project("{9A19103F-16F7-4668-BE54-9A1E7A4F7556}") = "fsCore", "fsCore\fsCore.csproj", "{3EB695CD-6996-4498-898D-29C0251F7A4B}"
EndProject
Project("{9A19103F-16F7-4668-BE54-9A1E7A4F7556}") = "Common", "Common\Common.csproj", "{158FC388-EAEA-490D-9F86-C0DAC96F371D}"
EndProject
Project("{9A19103F-16F7-4668-BE54-9A1E7A4F7556}") = "Persistence", "Persistence\Persistence.csproj", "{E9E7AA88-EB6E-4C6A-A7C6-A256D8629742}"
EndProject
Project("{9A19103F-16F7-4668-BE54-9A1E7A4F7556}") = "DataImporter", "DataImporter\DataImporter.csproj", "{B2D8D1EB-0A34-4264-B158-7228D0425DB2}"
EndProject
Project("{9A19103F-16F7-4668-BE54-9A1E7A4F7556}") = "Services", "Services\Services.csproj", "{D0D13E32-6246-4273-B859-4EE914C92F67}"
EndProject
Project("{9A19103F-16F7-4668-BE54-9A1E7A4F7556}") = "fsCore.Tests", "fsCore.Tests\fsCore.Tests.csproj", "{9D84C856-4A03-4FD9-B7E6-C86CB3972650}"
EndProject
Project("{2150E333-8FDC-42A3-9474-1A3956D46DE8}") = "Submodules", "Submodules", "{B3C304B7-811C-4821-8BD3-F70B5CF9FCCD}"
EndProject
Project("{9A19103F-16F7-4668-BE54-9A1E7A4F7556}") = "BT.Common.FastArray", "..\Submodules\BT.Common\src\BT.Common\BT.Common.FastArray\BT.Common.FastArray.csproj", "{D5296BD8-1F41-4B87-98DC-0E72A0DF7913}"
EndProject
Project("{9A19103F-16F7-4668-BE54-9A1E7A4F7556}") = "BT.Common.OperationTimer", "..\Submodules\BT.Common\src\BT.Common\BT.Common.OperationTimer\BT.Common.OperationTimer.csproj", "{27A9920B-4F13-4132-81FC-A6B75996306C}"
EndProject
Project("{9A19103F-16F7-4668-BE54-9A1E7A4F7556}") = "BT.Common.FastArray.Tests", "..\Submodules\BT.Common\src\BT.Common\BT.Common.FastArray.Tests\BT.Common.FastArray.Tests.csproj", "{A920B08E-B769-4B7C-A02F-8F18D8D4BA74}"
EndProject
Global
	GlobalSection(SolutionConfigurationPlatforms) = preSolution
		Debug|Any CPU = Debug|Any CPU
		Release|Any CPU = Release|Any CPU
	EndGlobalSection
	GlobalSection(ProjectConfigurationPlatforms) = postSolution
		{3EB695CD-6996-4498-898D-29C0251F7A4B}.Debug|Any CPU.ActiveCfg = Debug|Any CPU
		{3EB695CD-6996-4498-898D-29C0251F7A4B}.Debug|Any CPU.Build.0 = Debug|Any CPU
		{3EB695CD-6996-4498-898D-29C0251F7A4B}.Release|Any CPU.ActiveCfg = Release|Any CPU
		{3EB695CD-6996-4498-898D-29C0251F7A4B}.Release|Any CPU.Build.0 = Release|Any CPU
		{158FC388-EAEA-490D-9F86-C0DAC96F371D}.Debug|Any CPU.ActiveCfg = Debug|Any CPU
		{158FC388-EAEA-490D-9F86-C0DAC96F371D}.Debug|Any CPU.Build.0 = Debug|Any CPU
		{158FC388-EAEA-490D-9F86-C0DAC96F371D}.Release|Any CPU.ActiveCfg = Release|Any CPU
		{158FC388-EAEA-490D-9F86-C0DAC96F371D}.Release|Any CPU.Build.0 = Release|Any CPU
		{E9E7AA88-EB6E-4C6A-A7C6-A256D8629742}.Debug|Any CPU.ActiveCfg = Debug|Any CPU
		{E9E7AA88-EB6E-4C6A-A7C6-A256D8629742}.Debug|Any CPU.Build.0 = Debug|Any CPU
		{E9E7AA88-EB6E-4C6A-A7C6-A256D8629742}.Release|Any CPU.ActiveCfg = Release|Any CPU
		{E9E7AA88-EB6E-4C6A-A7C6-A256D8629742}.Release|Any CPU.Build.0 = Release|Any CPU
		{B2D8D1EB-0A34-4264-B158-7228D0425DB2}.Debug|Any CPU.ActiveCfg = Debug|Any CPU
		{B2D8D1EB-0A34-4264-B158-7228D0425DB2}.Debug|Any CPU.Build.0 = Debug|Any CPU
		{B2D8D1EB-0A34-4264-B158-7228D0425DB2}.Release|Any CPU.ActiveCfg = Release|Any CPU
		{B2D8D1EB-0A34-4264-B158-7228D0425DB2}.Release|Any CPU.Build.0 = Release|Any CPU
		{D0D13E32-6246-4273-B859-4EE914C92F67}.Debug|Any CPU.ActiveCfg = Debug|Any CPU
		{D0D13E32-6246-4273-B859-4EE914C92F67}.Debug|Any CPU.Build.0 = Debug|Any CPU
		{D0D13E32-6246-4273-B859-4EE914C92F67}.Release|Any CPU.ActiveCfg = Release|Any CPU
		{D0D13E32-6246-4273-B859-4EE914C92F67}.Release|Any CPU.Build.0 = Release|Any CPU
		{9D84C856-4A03-4FD9-B7E6-C86CB3972650}.Debug|Any CPU.ActiveCfg = Debug|Any CPU
		{9D84C856-4A03-4FD9-B7E6-C86CB3972650}.Debug|Any CPU.Build.0 = Debug|Any CPU
		{9D84C856-4A03-4FD9-B7E6-C86CB3972650}.Release|Any CPU.ActiveCfg = Release|Any CPU
		{9D84C856-4A03-4FD9-B7E6-C86CB3972650}.Release|Any CPU.Build.0 = Release|Any CPU
		{D5296BD8-1F41-4B87-98DC-0E72A0DF7913}.Debug|Any CPU.ActiveCfg = Debug|Any CPU
		{D5296BD8-1F41-4B87-98DC-0E72A0DF7913}.Debug|Any CPU.Build.0 = Debug|Any CPU
		{D5296BD8-1F41-4B87-98DC-0E72A0DF7913}.Release|Any CPU.ActiveCfg = Release|Any CPU
		{D5296BD8-1F41-4B87-98DC-0E72A0DF7913}.Release|Any CPU.Build.0 = Release|Any CPU
		{27A9920B-4F13-4132-81FC-A6B75996306C}.Debug|Any CPU.ActiveCfg = Debug|Any CPU
		{27A9920B-4F13-4132-81FC-A6B75996306C}.Debug|Any CPU.Build.0 = Debug|Any CPU
		{27A9920B-4F13-4132-81FC-A6B75996306C}.Release|Any CPU.ActiveCfg = Release|Any CPU
		{27A9920B-4F13-4132-81FC-A6B75996306C}.Release|Any CPU.Build.0 = Release|Any CPU
		{A920B08E-B769-4B7C-A02F-8F18D8D4BA74}.Debug|Any CPU.ActiveCfg = Debug|Any CPU
		{A920B08E-B769-4B7C-A02F-8F18D8D4BA74}.Debug|Any CPU.Build.0 = Debug|Any CPU
		{A920B08E-B769-4B7C-A02F-8F18D8D4BA74}.Release|Any CPU.ActiveCfg = Release|Any CPU
		{A920B08E-B769-4B7C-A02F-8F18D8D4BA74}.Release|Any CPU.Build.0 = Release|Any CPU
	EndGlobalSection
	GlobalSection(SolutionProperties) = preSolution
		HideSolutionNode = FALSE
	EndGlobalSection
	GlobalSection(NestedProjects) = preSolution
		{D5296BD8-1F41-4B87-98DC-0E72A0DF7913} = {B3C304B7-811C-4821-8BD3-F70B5CF9FCCD}
		{27A9920B-4F13-4132-81FC-A6B75996306C} = {B3C304B7-811C-4821-8BD3-F70B5CF9FCCD}
		{A920B08E-B769-4B7C-A02F-8F18D8D4BA74} = {B3C304B7-811C-4821-8BD3-F70B5CF9FCCD}
	EndGlobalSection
	GlobalSection(ExtensibilityGlobals) = postSolution
		SolutionGuid = {6032FFEC-26F7-4093-88A5-EFE26EA8D966}
	EndGlobalSection
EndGlobal
