
Microsoft Visual Studio Solution File, Format Version 12.00
# Visual Studio Version 17
VisualStudioVersion = 17.4.33122.133
MinimumVisualStudioVersion = 10.0.40219.1
Project("{9A19103F-16F7-4668-BE54-9A1E7A4F7556}") = "fsCore", "fsCore\fsCore.csproj", "{3EB695CD-6996-4498-898D-29C0251F7A4B}"
EndProject
Project("{9A19103F-16F7-4668-BE54-9A1E7A4F7556}") = "Common", "Common\Common.csproj", "{158FC388-EAEA-490D-9F86-C0DAC96F371D}"
EndProject
Project("{9A19103F-16F7-4668-BE54-9A1E7A4F7556}") = "Persistence", "Persistence\Persistence.csproj", "{E9E7AA88-EB6E-4C6A-A7C6-A256D8629742}"
EndProject
Project("{9A19103F-16F7-4668-BE54-9A1E7A4F7556}") = "DataImporter", "DataImporter\DataImporter.csproj", "{B2D8D1EB-0A34-4264-B158-7228D0425DB2}"
EndProject
Project("{9A19103F-16F7-4668-BE54-9A1E7A4F7556}") = "fsCore.Test", "fsCore.test\fsCore.Test.csproj", "{76060408-979E-4BDF-A16E-10783B79056D}"
EndProject
Global
	GlobalSection(SolutionConfigurationPlatforms) = preSolution
		Debug|Any CPU = Debug|Any CPU
		Release|Any CPU = Release|Any CPU
	EndGlobalSection
	GlobalSection(ProjectConfigurationPlatforms) = postSolution
		{3EB695CD-6996-4498-898D-29C0251F7A4B}.Debug|Any CPU.ActiveCfg = Debug|Any CPU
		{3EB695CD-6996-4498-898D-29C0251F7A4B}.Debug|Any CPU.Build.0 = Debug|Any CPU
		{3EB695CD-6996-4498-898D-29C0251F7A4B}.Release|Any CPU.ActiveCfg = Release|Any CPU
		{3EB695CD-6996-4498-898D-29C0251F7A4B}.Release|Any CPU.Build.0 = Release|Any CPU
		{158FC388-EAEA-490D-9F86-C0DAC96F371D}.Debug|Any CPU.ActiveCfg = Debug|Any CPU
		{158FC388-EAEA-490D-9F86-C0DAC96F371D}.Debug|Any CPU.Build.0 = Debug|Any CPU
		{158FC388-EAEA-490D-9F86-C0DAC96F371D}.Release|Any CPU.ActiveCfg = Release|Any CPU
		{158FC388-EAEA-490D-9F86-C0DAC96F371D}.Release|Any CPU.Build.0 = Release|Any CPU
		{E9E7AA88-EB6E-4C6A-A7C6-A256D8629742}.Debug|Any CPU.ActiveCfg = Debug|Any CPU
		{E9E7AA88-EB6E-4C6A-A7C6-A256D8629742}.Debug|Any CPU.Build.0 = Debug|Any CPU
		{E9E7AA88-EB6E-4C6A-A7C6-A256D8629742}.Release|Any CPU.ActiveCfg = Release|Any CPU
		{E9E7AA88-EB6E-4C6A-A7C6-A256D8629742}.Release|Any CPU.Build.0 = Release|Any CPU
		{B2D8D1EB-0A34-4264-B158-7228D0425DB2}.Debug|Any CPU.ActiveCfg = Debug|Any CPU
		{B2D8D1EB-0A34-4264-B158-7228D0425DB2}.Debug|Any CPU.Build.0 = Debug|Any CPU
		{B2D8D1EB-0A34-4264-B158-7228D0425DB2}.Release|Any CPU.ActiveCfg = Release|Any CPU
		{B2D8D1EB-0A34-4264-B158-7228D0425DB2}.Release|Any CPU.Build.0 = Release|Any CPU
		{76060408-979E-4BDF-A16E-10783B79056D}.Debug|Any CPU.ActiveCfg = Debug|Any CPU
		{76060408-979E-4BDF-A16E-10783B79056D}.Debug|Any CPU.Build.0 = Debug|Any CPU
		{76060408-979E-4BDF-A16E-10783B79056D}.Release|Any CPU.ActiveCfg = Release|Any CPU
		{76060408-979E-4BDF-A16E-10783B79056D}.Release|Any CPU.Build.0 = Release|Any CPU
	EndGlobalSection
	GlobalSection(SolutionProperties) = preSolution
		HideSolutionNode = FALSE
	EndGlobalSection
	GlobalSection(ExtensibilityGlobals) = postSolution
		SolutionGuid = {6032FFEC-26F7-4093-88A5-EFE26EA8D966}
	EndGlobalSection
EndGlobal
